// !$*UTF8*$!
{
	archiveVersion = 1;
	classes = {
	};
	objectVersion = 77;
	objects = {

/* Begin PBXBuildFile section */
		D0FE6ADA2E1F3F1F0019CD1F /* WhisperKit in Frameworks */ = {isa = PBXBuildFile; productRef = D0FE6AD92E1F3F1F0019CD1F /* WhisperKit */; };
		D0FE6ADC2E1F3F1F0019CD1F /* whisperkit-cli in Frameworks */ = {isa = PBXBuildFile; productRef = D0FE6ADB2E1F3F1F0019CD1F /* whisperkit-cli */; };
		D0FE6AE32E1F6F0B0019CD1F /* MLX in Frameworks */ = {isa = PBXBuildFile; productRef = D0FE6AE22E1F6F0B0019CD1F /* MLX */; };
		D0FE6AE52E1F6F0B0019CD1F /* MLXFFT in Frameworks */ = {isa = PBXBuildFile; productRef = D0FE6AE42E1F6F0B0019CD1F /* MLXFFT */; };
		D0FE6AE72E1F6F0B0019CD1F /* MLXFast in Frameworks */ = {isa = PBXBuildFile; productRef = D0FE6AE62E1F6F0B0019CD1F /* MLXFast */; };
		D0FE6AE92E1F6F0B0019CD1F /* MLXLinalg in Frameworks */ = {isa = PBXBuildFile; productRef = D0FE6AE82E1F6F0B0019CD1F /* MLXLinalg */; };
		D0FE6AEB2E1F6F0B0019CD1F /* MLXNN in Frameworks */ = {isa = PBXBuildFile; productRef = D0FE6AEA2E1F6F0B0019CD1F /* MLXNN */; };
/* End PBXBuildFile section */

/* Begin PBXContainerItemProxy section */
		D037A5C02E1ED2A30015A53E /* PBXContainerItemProxy */ = {
			isa = PBXContainerItemProxy;
			containerPortal = D037A5A52E1ED2A10015A53E /* Project object */;
			proxyType = 1;
			remoteGlobalIDString = D037A5AC2E1ED2A10015A53E;
			remoteInfo = NotedCore;
		};
		D037A5CA2E1ED2A30015A53E /* PBXContainerItemProxy */ = {
			isa = PBXContainerItemProxy;
			containerPortal = D037A5A52E1ED2A10015A53E /* Project object */;
			proxyType = 1;
			remoteGlobalIDString = D037A5AC2E1ED2A10015A53E;
			remoteInfo = NotedCore;
		};
		D0D9F4862E7BDF8600958BCA /* PBXContainerItemProxy */ = {
			isa = PBXContainerItemProxy;
			containerPortal = D037A5A52E1ED2A10015A53E /* Project object */;
			proxyType = 1;
			remoteGlobalIDString = D0D9F4782E7BDF8600958BCA;
			remoteInfo = "NotedWatch Watch App";
		};
		D0D9F4902E7BDF8600958BCA /* PBXContainerItemProxy */ = {
			isa = PBXContainerItemProxy;
			containerPortal = D037A5A52E1ED2A10015A53E /* Project object */;
			proxyType = 1;
			remoteGlobalIDString = D0D9F4782E7BDF8600958BCA;
			remoteInfo = "NotedWatch Watch App";
		};
/* End PBXContainerItemProxy section */

/* Begin PBXFileReference section */
		D037A5AD2E1ED2A10015A53E /* NotedCore.app */ = {isa = PBXFileReference; explicitFileType = wrapper.application; includeInIndex = 0; path = NotedCore.app; sourceTree = BUILT_PRODUCTS_DIR; };
		D037A5BF2E1ED2A30015A53E /* NotedCoreTests.xctest */ = {isa = PBXFileReference; explicitFileType = wrapper.cfbundle; includeInIndex = 0; path = NotedCoreTests.xctest; sourceTree = BUILT_PRODUCTS_DIR; };
		D037A5C92E1ED2A30015A53E /* NotedCoreUITests.xctest */ = {isa = PBXFileReference; explicitFileType = wrapper.cfbundle; includeInIndex = 0; path = NotedCoreUITests.xctest; sourceTree = BUILT_PRODUCTS_DIR; };
		D0D9F4792E7BDF8600958BCA /* NotedWatch Watch App.app */ = {isa = PBXFileReference; explicitFileType = wrapper.application; includeInIndex = 0; path = "NotedWatch Watch App.app"; sourceTree = BUILT_PRODUCTS_DIR; };
		D0D9F4852E7BDF8600958BCA /* NotedWatch Watch AppTests.xctest */ = {isa = PBXFileReference; explicitFileType = wrapper.cfbundle; includeInIndex = 0; path = "NotedWatch Watch AppTests.xctest"; sourceTree = BUILT_PRODUCTS_DIR; };
		D0D9F48F2E7BDF8600958BCA /* NotedWatch Watch AppUITests.xctest */ = {isa = PBXFileReference; explicitFileType = wrapper.cfbundle; includeInIndex = 0; path = "NotedWatch Watch AppUITests.xctest"; sourceTree = BUILT_PRODUCTS_DIR; };
/* End PBXFileReference section */

/* Begin PBXFileSystemSynchronizedBuildFileExceptionSet section */
		D037A5DD2E1ED48E0015A53E /* Exceptions for "NotedCore" folder in "NotedCore" target */ = {
			isa = PBXFileSystemSynchronizedBuildFileExceptionSet;
			membershipExceptions = (
				Info.plist,
			);
			target = D037A5AC2E1ED2A10015A53E /* NotedCore */;
		};
/* End PBXFileSystemSynchronizedBuildFileExceptionSet section */

/* Begin PBXFileSystemSynchronizedRootGroup section */
		D037A5AF2E1ED2A10015A53E /* NotedCore */ = {
			isa = PBXFileSystemSynchronizedRootGroup;
			exceptions = (
				D037A5DD2E1ED48E0015A53E /* Exceptions for "NotedCore" folder in "NotedCore" target */,
			);
			path = NotedCore;
			sourceTree = "<group>";
		};
		D037A5C22E1ED2A30015A53E /* NotedCoreTests */ = {
			isa = PBXFileSystemSynchronizedRootGroup;
			path = NotedCoreTests;
			sourceTree = "<group>";
		};
		D037A5CC2E1ED2A30015A53E /* NotedCoreUITests */ = {
			isa = PBXFileSystemSynchronizedRootGroup;
			path = NotedCoreUITests;
			sourceTree = "<group>";
		};
		D0D9F47A2E7BDF8600958BCA /* NotedWatch Watch App */ = {
			isa = PBXFileSystemSynchronizedRootGroup;
			path = "NotedWatch Watch App";
			sourceTree = "<group>";
		};
		D0D9F4882E7BDF8600958BCA /* NotedWatch Watch AppTests */ = {
			isa = PBXFileSystemSynchronizedRootGroup;
			path = "NotedWatch Watch AppTests";
			sourceTree = "<group>";
		};
		D0D9F4922E7BDF8600958BCA /* NotedWatch Watch AppUITests */ = {
			isa = PBXFileSystemSynchronizedRootGroup;
			path = "NotedWatch Watch AppUITests";
			sourceTree = "<group>";
		};
/* End PBXFileSystemSynchronizedRootGroup section */

/* Begin PBXFrameworksBuildPhase section */
		D037A5AA2E1ED2A10015A53E /* Frameworks */ = {
			isa = PBXFrameworksBuildPhase;
			buildActionMask = 2147483647;
			files = (
				D0FE6AE32E1F6F0B0019CD1F /* MLX in Frameworks */,
				D0FE6AE92E1F6F0B0019CD1F /* MLXLinalg in Frameworks */,
				D0FE6ADA2E1F3F1F0019CD1F /* WhisperKit in Frameworks */,
				D0FE6ADC2E1F3F1F0019CD1F /* whisperkit-cli in Frameworks */,
				D0FE6AE72E1F6F0B0019CD1F /* MLXFast in Frameworks */,
				D0FE6AEB2E1F6F0B0019CD1F /* MLXNN in Frameworks */,
				D0FE6AE52E1F6F0B0019CD1F /* MLXFFT in Frameworks */,
			);
			runOnlyForDeploymentPostprocessing = 0;
		};
		D037A5BC2E1ED2A30015A53E /* Frameworks */ = {
			isa = PBXFrameworksBuildPhase;
			buildActionMask = 2147483647;
			files = (
			);
			runOnlyForDeploymentPostprocessing = 0;
		};
		D037A5C62E1ED2A30015A53E /* Frameworks */ = {
			isa = PBXFrameworksBuildPhase;
			buildActionMask = 2147483647;
			files = (
			);
			runOnlyForDeploymentPostprocessing = 0;
		};
		D0D9F4762E7BDF8600958BCA /* Frameworks */ = {
			isa = PBXFrameworksBuildPhase;
			buildActionMask = 2147483647;
			files = (
			);
			runOnlyForDeploymentPostprocessing = 0;
		};
		D0D9F4822E7BDF8600958BCA /* Frameworks */ = {
			isa = PBXFrameworksBuildPhase;
			buildActionMask = 2147483647;
			files = (
			);
			runOnlyForDeploymentPostprocessing = 0;
		};
		D0D9F48C2E7BDF8600958BCA /* Frameworks */ = {
			isa = PBXFrameworksBuildPhase;
			buildActionMask = 2147483647;
			files = (
			);
			runOnlyForDeploymentPostprocessing = 0;
		};
/* End PBXFrameworksBuildPhase section */

/* Begin PBXGroup section */
		D037A5A42E1ED2A10015A53E = {
			isa = PBXGroup;
			children = (
				D037A5AF2E1ED2A10015A53E /* NotedCore */,
				D037A5C22E1ED2A30015A53E /* NotedCoreTests */,
				D037A5CC2E1ED2A30015A53E /* NotedCoreUITests */,
				D0D9F47A2E7BDF8600958BCA /* NotedWatch Watch App */,
				D0D9F4882E7BDF8600958BCA /* NotedWatch Watch AppTests */,
				D0D9F4922E7BDF8600958BCA /* NotedWatch Watch AppUITests */,
				D037A5AE2E1ED2A10015A53E /* Products */,
			);
			sourceTree = "<group>";
		};
		D037A5AE2E1ED2A10015A53E /* Products */ = {
			isa = PBXGroup;
			children = (
				D037A5AD2E1ED2A10015A53E /* NotedCore.app */,
				D037A5BF2E1ED2A30015A53E /* NotedCoreTests.xctest */,
				D037A5C92E1ED2A30015A53E /* NotedCoreUITests.xctest */,
				D0D9F4792E7BDF8600958BCA /* NotedWatch Watch App.app */,
				D0D9F4852E7BDF8600958BCA /* NotedWatch Watch AppTests.xctest */,
				D0D9F48F2E7BDF8600958BCA /* NotedWatch Watch AppUITests.xctest */,
			);
			name = Products;
			sourceTree = "<group>";
		};
/* End PBXGroup section */

/* Begin PBXNativeTarget section */
		D037A5AC2E1ED2A10015A53E /* NotedCore */ = {
			isa = PBXNativeTarget;
			buildConfigurationList = D037A5D32E1ED2A30015A53E /* Build configuration list for PBXNativeTarget "NotedCore" */;
			buildPhases = (
				D037A5A92E1ED2A10015A53E /* Sources */,
				D037A5AA2E1ED2A10015A53E /* Frameworks */,
				D037A5AB2E1ED2A10015A53E /* Resources */,
			);
			buildRules = (
			);
			dependencies = (
			);
			fileSystemSynchronizedGroups = (
				D037A5AF2E1ED2A10015A53E /* NotedCore */,
			);
			name = NotedCore;
			packageProductDependencies = (
				D0FE6AD92E1F3F1F0019CD1F /* WhisperKit */,
				D0FE6ADB2E1F3F1F0019CD1F /* whisperkit-cli */,
				D0FE6AE22E1F6F0B0019CD1F /* MLX */,
				D0FE6AE42E1F6F0B0019CD1F /* MLXFFT */,
				D0FE6AE62E1F6F0B0019CD1F /* MLXFast */,
				D0FE6AE82E1F6F0B0019CD1F /* MLXLinalg */,
				D0FE6AEA2E1F6F0B0019CD1F /* MLXNN */,
			);
			productName = NotedCore;
			productReference = D037A5AD2E1ED2A10015A53E /* NotedCore.app */;
			productType = "com.apple.product-type.application";
		};
		D037A5BE2E1ED2A30015A53E /* NotedCoreTests */ = {
			isa = PBXNativeTarget;
			buildConfigurationList = D037A5D62E1ED2A30015A53E /* Build configuration list for PBXNativeTarget "NotedCoreTests" */;
			buildPhases = (
				D037A5BB2E1ED2A30015A53E /* Sources */,
				D037A5BC2E1ED2A30015A53E /* Frameworks */,
				D037A5BD2E1ED2A30015A53E /* Resources */,
			);
			buildRules = (
			);
			dependencies = (
				D037A5C12E1ED2A30015A53E /* PBXTargetDependency */,
			);
			fileSystemSynchronizedGroups = (
				D037A5C22E1ED2A30015A53E /* NotedCoreTests */,
			);
			name = NotedCoreTests;
			packageProductDependencies = (
			);
			productName = NotedCoreTests;
			productReference = D037A5BF2E1ED2A30015A53E /* NotedCoreTests.xctest */;
			productType = "com.apple.product-type.bundle.unit-test";
		};
		D037A5C82E1ED2A30015A53E /* NotedCoreUITests */ = {
			isa = PBXNativeTarget;
			buildConfigurationList = D037A5D92E1ED2A30015A53E /* Build configuration list for PBXNativeTarget "NotedCoreUITests" */;
			buildPhases = (
				D037A5C52E1ED2A30015A53E /* Sources */,
				D037A5C62E1ED2A30015A53E /* Frameworks */,
				D037A5C72E1ED2A30015A53E /* Resources */,
			);
			buildRules = (
			);
			dependencies = (
				D037A5CB2E1ED2A30015A53E /* PBXTargetDependency */,
			);
			fileSystemSynchronizedGroups = (
				D037A5CC2E1ED2A30015A53E /* NotedCoreUITests */,
			);
			name = NotedCoreUITests;
			packageProductDependencies = (
			);
			productName = NotedCoreUITests;
			productReference = D037A5C92E1ED2A30015A53E /* NotedCoreUITests.xctest */;
			productType = "com.apple.product-type.bundle.ui-testing";
		};
		D0D9F4782E7BDF8600958BCA /* NotedWatch Watch App */ = {
			isa = PBXNativeTarget;
			buildConfigurationList = D0D9F49A2E7BDF8600958BCA /* Build configuration list for PBXNativeTarget "NotedWatch Watch App" */;
			buildPhases = (
				D0D9F4752E7BDF8600958BCA /* Sources */,
				D0D9F4762E7BDF8600958BCA /* Frameworks */,
				D0D9F4772E7BDF8600958BCA /* Resources */,
			);
			buildRules = (
			);
			dependencies = (
			);
			fileSystemSynchronizedGroups = (
				D0D9F47A2E7BDF8600958BCA /* NotedWatch Watch App */,
			);
			name = "NotedWatch Watch App";
			packageProductDependencies = (
			);
			productName = "NotedWatch Watch App";
			productReference = D0D9F4792E7BDF8600958BCA /* NotedWatch Watch App.app */;
			productType = "com.apple.product-type.application";
		};
		D0D9F4842E7BDF8600958BCA /* NotedWatch Watch AppTests */ = {
			isa = PBXNativeTarget;
			buildConfigurationList = D0D9F49E2E7BDF8600958BCA /* Build configuration list for PBXNativeTarget "NotedWatch Watch AppTests" */;
			buildPhases = (
				D0D9F4812E7BDF8600958BCA /* Sources */,
				D0D9F4822E7BDF8600958BCA /* Frameworks */,
				D0D9F4832E7BDF8600958BCA /* Resources */,
			);
			buildRules = (
			);
			dependencies = (
				D0D9F4872E7BDF8600958BCA /* PBXTargetDependency */,
			);
			fileSystemSynchronizedGroups = (
				D0D9F4882E7BDF8600958BCA /* NotedWatch Watch AppTests */,
			);
			name = "NotedWatch Watch AppTests";
			packageProductDependencies = (
			);
			productName = "NotedWatch Watch AppTests";
			productReference = D0D9F4852E7BDF8600958BCA /* NotedWatch Watch AppTests.xctest */;
			productType = "com.apple.product-type.bundle.unit-test";
		};
		D0D9F48E2E7BDF8600958BCA /* NotedWatch Watch AppUITests */ = {
			isa = PBXNativeTarget;
			buildConfigurationList = D0D9F4A12E7BDF8600958BCA /* Build configuration list for PBXNativeTarget "NotedWatch Watch AppUITests" */;
			buildPhases = (
				D0D9F48B2E7BDF8600958BCA /* Sources */,
				D0D9F48C2E7BDF8600958BCA /* Frameworks */,
				D0D9F48D2E7BDF8600958BCA /* Resources */,
			);
			buildRules = (
			);
			dependencies = (
				D0D9F4912E7BDF8600958BCA /* PBXTargetDependency */,
			);
			fileSystemSynchronizedGroups = (
				D0D9F4922E7BDF8600958BCA /* NotedWatch Watch AppUITests */,
			);
			name = "NotedWatch Watch AppUITests";
			packageProductDependencies = (
			);
			productName = "NotedWatch Watch AppUITests";
			productReference = D0D9F48F2E7BDF8600958BCA /* NotedWatch Watch AppUITests.xctest */;
			productType = "com.apple.product-type.bundle.ui-testing";
		};
/* End PBXNativeTarget section */

/* Begin PBXProject section */
		D037A5A52E1ED2A10015A53E /* Project object */ = {
			isa = PBXProject;
			attributes = {
				BuildIndependentTargetsInParallel = 1;
				LastSwiftUpdateCheck = 2600;
				LastUpgradeCheck = 1640;
				TargetAttributes = {
					D037A5AC2E1ED2A10015A53E = {
						CreatedOnToolsVersion = 16.4;
					};
					D037A5BE2E1ED2A30015A53E = {
						CreatedOnToolsVersion = 16.4;
						TestTargetID = D037A5AC2E1ED2A10015A53E;
					};
					D037A5C82E1ED2A30015A53E = {
						CreatedOnToolsVersion = 16.4;
						TestTargetID = D037A5AC2E1ED2A10015A53E;
					};
					D0D9F4782E7BDF8600958BCA = {
						CreatedOnToolsVersion = 26.0;
					};
					D0D9F4842E7BDF8600958BCA = {
						CreatedOnToolsVersion = 26.0;
						TestTargetID = D0D9F4782E7BDF8600958BCA;
					};
					D0D9F48E2E7BDF8600958BCA = {
						CreatedOnToolsVersion = 26.0;
						TestTargetID = D0D9F4782E7BDF8600958BCA;
					};
				};
			};
			buildConfigurationList = D037A5A82E1ED2A10015A53E /* Build configuration list for PBXProject "NotedCore" */;
			developmentRegion = en;
			hasScannedForEncodings = 0;
			knownRegions = (
				en,
				Base,
			);
			mainGroup = D037A5A42E1ED2A10015A53E;
			minimizedProjectReferenceProxies = 1;
			packageReferences = (
				D0FE6AD82E1F3F1F0019CD1F /* XCRemoteSwiftPackageReference "WhisperKit" */,
				D0FE6AE12E1F6F0B0019CD1F /* XCRemoteSwiftPackageReference "mlx-swift" */,
			);
			preferredProjectObjectVersion = 77;
			productRefGroup = D037A5AE2E1ED2A10015A53E /* Products */;
			projectDirPath = "";
			projectRoot = "";
			targets = (
				D037A5AC2E1ED2A10015A53E /* NotedCore */,
				D037A5BE2E1ED2A30015A53E /* NotedCoreTests */,
				D037A5C82E1ED2A30015A53E /* NotedCoreUITests */,
				D0D9F4782E7BDF8600958BCA /* NotedWatch Watch App */,
				D0D9F4842E7BDF8600958BCA /* NotedWatch Watch AppTests */,
				D0D9F48E2E7BDF8600958BCA /* NotedWatch Watch AppUITests */,
			);
		};
/* End PBXProject section */

/* Begin PBXResourcesBuildPhase section */
		D037A5AB2E1ED2A10015A53E /* Resources */ = {
			isa = PBXResourcesBuildPhase;
			buildActionMask = 2147483647;
			files = (
			);
			runOnlyForDeploymentPostprocessing = 0;
		};
		D037A5BD2E1ED2A30015A53E /* Resources */ = {
			isa = PBXResourcesBuildPhase;
			buildActionMask = 2147483647;
			files = (
			);
			runOnlyForDeploymentPostprocessing = 0;
		};
		D037A5C72E1ED2A30015A53E /* Resources */ = {
			isa = PBXResourcesBuildPhase;
			buildActionMask = 2147483647;
			files = (
			);
			runOnlyForDeploymentPostprocessing = 0;
		};
		D0D9F4772E7BDF8600958BCA /* Resources */ = {
			isa = PBXResourcesBuildPhase;
			buildActionMask = 2147483647;
			files = (
			);
			runOnlyForDeploymentPostprocessing = 0;
		};
		D0D9F4832E7BDF8600958BCA /* Resources */ = {
			isa = PBXResourcesBuildPhase;
			buildActionMask = 2147483647;
			files = (
			);
			runOnlyForDeploymentPostprocessing = 0;
		};
		D0D9F48D2E7BDF8600958BCA /* Resources */ = {
			isa = PBXResourcesBuildPhase;
			buildActionMask = 2147483647;
			files = (
			);
			runOnlyForDeploymentPostprocessing = 0;
		};
/* End PBXResourcesBuildPhase section */

/* Begin PBXSourcesBuildPhase section */
		D037A5A92E1ED2A10015A53E /* Sources */ = {
			isa = PBXSourcesBuildPhase;
			buildActionMask = 2147483647;
			files = (
			);
			runOnlyForDeploymentPostprocessing = 0;
		};
		D037A5BB2E1ED2A30015A53E /* Sources */ = {
			isa = PBXSourcesBuildPhase;
			buildActionMask = 2147483647;
			files = (
			);
			runOnlyForDeploymentPostprocessing = 0;
		};
		D037A5C52E1ED2A30015A53E /* Sources */ = {
			isa = PBXSourcesBuildPhase;
			buildActionMask = 2147483647;
			files = (
			);
			runOnlyForDeploymentPostprocessing = 0;
		};
		D0D9F4752E7BDF8600958BCA /* Sources */ = {
			isa = PBXSourcesBuildPhase;
			buildActionMask = 2147483647;
			files = (
			);
			runOnlyForDeploymentPostprocessing = 0;
		};
		D0D9F4812E7BDF8600958BCA /* Sources */ = {
			isa = PBXSourcesBuildPhase;
			buildActionMask = 2147483647;
			files = (
			);
			runOnlyForDeploymentPostprocessing = 0;
		};
		D0D9F48B2E7BDF8600958BCA /* Sources */ = {
			isa = PBXSourcesBuildPhase;
			buildActionMask = 2147483647;
			files = (
			);
			runOnlyForDeploymentPostprocessing = 0;
		};
/* End PBXSourcesBuildPhase section */

/* Begin PBXTargetDependency section */
		D037A5C12E1ED2A30015A53E /* PBXTargetDependency */ = {
			isa = PBXTargetDependency;
			target = D037A5AC2E1ED2A10015A53E /* NotedCore */;
			targetProxy = D037A5C02E1ED2A30015A53E /* PBXContainerItemProxy */;
		};
		D037A5CB2E1ED2A30015A53E /* PBXTargetDependency */ = {
			isa = PBXTargetDependency;
			target = D037A5AC2E1ED2A10015A53E /* NotedCore */;
			targetProxy = D037A5CA2E1ED2A30015A53E /* PBXContainerItemProxy */;
		};
		D0D9F4872E7BDF8600958BCA /* PBXTargetDependency */ = {
			isa = PBXTargetDependency;
			target = D0D9F4782E7BDF8600958BCA /* NotedWatch Watch App */;
			targetProxy = D0D9F4862E7BDF8600958BCA /* PBXContainerItemProxy */;
		};
		D0D9F4912E7BDF8600958BCA /* PBXTargetDependency */ = {
			isa = PBXTargetDependency;
			target = D0D9F4782E7BDF8600958BCA /* NotedWatch Watch App */;
			targetProxy = D0D9F4902E7BDF8600958BCA /* PBXContainerItemProxy */;
		};
/* End PBXTargetDependency section */

/* Begin XCBuildConfiguration section */
		D037A5D12E1ED2A30015A53E /* Debug */ = {
			isa = XCBuildConfiguration;
			buildSettings = {
				ALWAYS_SEARCH_USER_PATHS = NO;
				ASSETCATALOG_COMPILER_GENERATE_SWIFT_ASSET_SYMBOL_EXTENSIONS = YES;
				CLANG_ANALYZER_NONNULL = YES;
				CLANG_ANALYZER_NUMBER_OBJECT_CONVERSION = YES_AGGRESSIVE;
				CLANG_CXX_LANGUAGE_STANDARD = "gnu++20";
				CLANG_ENABLE_MODULES = YES;
				CLANG_ENABLE_OBJC_ARC = YES;
				CLANG_ENABLE_OBJC_WEAK = YES;
				CLANG_WARN_BLOCK_CAPTURE_AUTORELEASING = YES;
				CLANG_WARN_BOOL_CONVERSION = YES;
				CLANG_WARN_COMMA = YES;
				CLANG_WARN_CONSTANT_CONVERSION = YES;
				CLANG_WARN_DEPRECATED_OBJC_IMPLEMENTATIONS = YES;
				CLANG_WARN_DIRECT_OBJC_ISA_USAGE = YES_ERROR;
				CLANG_WARN_DOCUMENTATION_COMMENTS = YES;
				CLANG_WARN_EMPTY_BODY = YES;
				CLANG_WARN_ENUM_CONVERSION = YES;
				CLANG_WARN_INFINITE_RECURSION = YES;
				CLANG_WARN_INT_CONVERSION = YES;
				CLANG_WARN_NON_LITERAL_NULL_CONVERSION = YES;
				CLANG_WARN_OBJC_IMPLICIT_RETAIN_SELF = YES;
				CLANG_WARN_OBJC_LITERAL_CONVERSION = YES;
				CLANG_WARN_OBJC_ROOT_CLASS = YES_ERROR;
				CLANG_WARN_QUOTED_INCLUDE_IN_FRAMEWORK_HEADER = YES;
				CLANG_WARN_RANGE_LOOP_ANALYSIS = YES;
				CLANG_WARN_STRICT_PROTOTYPES = YES;
				CLANG_WARN_SUSPICIOUS_MOVE = YES;
				CLANG_WARN_UNGUARDED_AVAILABILITY = YES_AGGRESSIVE;
				CLANG_WARN_UNREACHABLE_CODE = YES;
				CLANG_WARN__DUPLICATE_METHOD_MATCH = YES;
				COPY_PHASE_STRIP = NO;
				DEBUG_INFORMATION_FORMAT = dwarf;
				DEVELOPMENT_TEAM = 529ZZJHQR4;
				ENABLE_STRICT_OBJC_MSGSEND = YES;
				ENABLE_TESTABILITY = YES;
				ENABLE_USER_SCRIPT_SANDBOXING = YES;
				GCC_C_LANGUAGE_STANDARD = gnu17;
				GCC_DYNAMIC_NO_PIC = NO;
				GCC_NO_COMMON_BLOCKS = YES;
				GCC_OPTIMIZATION_LEVEL = 0;
				GCC_PREPROCESSOR_DEFINITIONS = (
					"DEBUG=1",
					"$(inherited)",
				);
				GCC_WARN_64_TO_32_BIT_CONVERSION = YES;
				GCC_WARN_ABOUT_RETURN_TYPE = YES_ERROR;
				GCC_WARN_UNDECLARED_SELECTOR = YES;
				GCC_WARN_UNINITIALIZED_AUTOS = YES_AGGRESSIVE;
				GCC_WARN_UNUSED_FUNCTION = YES;
				GCC_WARN_UNUSED_VARIABLE = YES;
				LOCALIZATION_PREFERS_STRING_CATALOGS = YES;
				MACOSX_DEPLOYMENT_TARGET = 14.0;
				MTL_ENABLE_DEBUG_INFO = INCLUDE_SOURCE;
				MTL_FAST_MATH = YES;
				ONLY_ACTIVE_ARCH = YES;
				SDKROOT = iphoneos;
				SWIFT_ACTIVE_COMPILATION_CONDITIONS = "DEBUG $(inherited)";
				SWIFT_OPTIMIZATION_LEVEL = "-Onone";
			};
			name = Debug;
		};
		D037A5D22E1ED2A30015A53E /* Release */ = {
			isa = XCBuildConfiguration;
			buildSettings = {
				ALWAYS_SEARCH_USER_PATHS = NO;
				ASSETCATALOG_COMPILER_GENERATE_SWIFT_ASSET_SYMBOL_EXTENSIONS = YES;
				CLANG_ANALYZER_NONNULL = YES;
				CLANG_ANALYZER_NUMBER_OBJECT_CONVERSION = YES_AGGRESSIVE;
				CLANG_CXX_LANGUAGE_STANDARD = "gnu++20";
				CLANG_ENABLE_MODULES = YES;
				CLANG_ENABLE_OBJC_ARC = YES;
				CLANG_ENABLE_OBJC_WEAK = YES;
				CLANG_WARN_BLOCK_CAPTURE_AUTORELEASING = YES;
				CLANG_WARN_BOOL_CONVERSION = YES;
				CLANG_WARN_COMMA = YES;
				CLANG_WARN_CONSTANT_CONVERSION = YES;
				CLANG_WARN_DEPRECATED_OBJC_IMPLEMENTATIONS = YES;
				CLANG_WARN_DIRECT_OBJC_ISA_USAGE = YES_ERROR;
				CLANG_WARN_DOCUMENTATION_COMMENTS = YES;
				CLANG_WARN_EMPTY_BODY = YES;
				CLANG_WARN_ENUM_CONVERSION = YES;
				CLANG_WARN_INFINITE_RECURSION = YES;
				CLANG_WARN_INT_CONVERSION = YES;
				CLANG_WARN_NON_LITERAL_NULL_CONVERSION = YES;
				CLANG_WARN_OBJC_IMPLICIT_RETAIN_SELF = YES;
				CLANG_WARN_OBJC_LITERAL_CONVERSION = YES;
				CLANG_WARN_OBJC_ROOT_CLASS = YES_ERROR;
				CLANG_WARN_QUOTED_INCLUDE_IN_FRAMEWORK_HEADER = YES;
				CLANG_WARN_RANGE_LOOP_ANALYSIS = YES;
				CLANG_WARN_STRICT_PROTOTYPES = YES;
				CLANG_WARN_SUSPICIOUS_MOVE = YES;
				CLANG_WARN_UNGUARDED_AVAILABILITY = YES_AGGRESSIVE;
				CLANG_WARN_UNREACHABLE_CODE = YES;
				CLANG_WARN__DUPLICATE_METHOD_MATCH = YES;
				COPY_PHASE_STRIP = NO;
				DEBUG_INFORMATION_FORMAT = "dwarf-with-dsym";
				DEVELOPMENT_TEAM = 529ZZJHQR4;
				ENABLE_NS_ASSERTIONS = NO;
				ENABLE_STRICT_OBJC_MSGSEND = YES;
				ENABLE_USER_SCRIPT_SANDBOXING = YES;
				GCC_C_LANGUAGE_STANDARD = gnu17;
				GCC_NO_COMMON_BLOCKS = YES;
				GCC_WARN_64_TO_32_BIT_CONVERSION = YES;
				GCC_WARN_ABOUT_RETURN_TYPE = YES_ERROR;
				GCC_WARN_UNDECLARED_SELECTOR = YES;
				GCC_WARN_UNINITIALIZED_AUTOS = YES_AGGRESSIVE;
				GCC_WARN_UNUSED_FUNCTION = YES;
				GCC_WARN_UNUSED_VARIABLE = YES;
				LOCALIZATION_PREFERS_STRING_CATALOGS = YES;
				MACOSX_DEPLOYMENT_TARGET = 14.0;
				MTL_ENABLE_DEBUG_INFO = NO;
				MTL_FAST_MATH = YES;
				SDKROOT = iphoneos;
				SWIFT_COMPILATION_MODE = wholemodule;
				VALIDATE_PRODUCT = YES;
			};
			name = Release;
		};
		D037A5D42E1ED2A30015A53E /* Debug */ = {
			isa = XCBuildConfiguration;
			buildSettings = {
				ASSETCATALOG_COMPILER_APPICON_NAME = AppIcon;
				ASSETCATALOG_COMPILER_GLOBAL_ACCENT_COLOR_NAME = AccentColor;
				CODE_SIGN_STYLE = Automatic;
				CURRENT_PROJECT_VERSION = 1;
				DEVELOPMENT_TEAM = 529ZZJHQR4;
				ENABLE_PREVIEWS = YES;
				GENERATE_INFOPLIST_FILE = YES;
				INFOPLIST_FILE = NotedCore/Info.plist;
				INFOPLIST_KEY_UIApplicationSceneManifest_Generation = YES;
				INFOPLIST_KEY_UIApplicationSupportsIndirectInputEvents = YES;
				INFOPLIST_KEY_UILaunchScreen_Generation = YES;
				INFOPLIST_KEY_UISupportedInterfaceOrientations_iPad = "UIInterfaceOrientationPortrait UIInterfaceOrientationPortraitUpsideDown UIInterfaceOrientationLandscapeLeft UIInterfaceOrientationLandscapeRight";
				INFOPLIST_KEY_UISupportedInterfaceOrientations_iPhone = "UIInterfaceOrientationPortrait UIInterfaceOrientationLandscapeLeft UIInterfaceOrientationLandscapeRight";
				IPHONEOS_DEPLOYMENT_TARGET = 16.0;
				LD_RUNPATH_SEARCH_PATHS = (
					"$(inherited)",
					"@executable_path/Frameworks",
				);
				MARKETING_VERSION = 1.0;
				PRODUCT_BUNDLE_IDENTIFIER = com.jamesalford.NotedCore;
				PRODUCT_NAME = "$(TARGET_NAME)";
				SUPPORTED_PLATFORMS = "iphoneos iphonesimulator";
				SUPPORTS_MACCATALYST = NO;
				SUPPORTS_XR_DESIGNED_FOR_IPHONE_IPAD = NO;
				SWIFT_EMIT_LOC_STRINGS = YES;
				SWIFT_VERSION = 5.0;
				TARGETED_DEVICE_FAMILY = "1,2";
			};
			name = Debug;
		};
		D037A5D52E1ED2A30015A53E /* Release */ = {
			isa = XCBuildConfiguration;
			buildSettings = {
				ASSETCATALOG_COMPILER_APPICON_NAME = AppIcon;
				ASSETCATALOG_COMPILER_GLOBAL_ACCENT_COLOR_NAME = AccentColor;
				CODE_SIGN_STYLE = Automatic;
				CURRENT_PROJECT_VERSION = 1;
				DEVELOPMENT_TEAM = 529ZZJHQR4;
				ENABLE_PREVIEWS = YES;
				GENERATE_INFOPLIST_FILE = YES;
				INFOPLIST_FILE = NotedCore/Info.plist;
				INFOPLIST_KEY_UIApplicationSceneManifest_Generation = YES;
				INFOPLIST_KEY_UIApplicationSupportsIndirectInputEvents = YES;
				INFOPLIST_KEY_UILaunchScreen_Generation = YES;
				INFOPLIST_KEY_UISupportedInterfaceOrientations_iPad = "UIInterfaceOrientationPortrait UIInterfaceOrientationPortraitUpsideDown UIInterfaceOrientationLandscapeLeft UIInterfaceOrientationLandscapeRight";
				INFOPLIST_KEY_UISupportedInterfaceOrientations_iPhone = "UIInterfaceOrientationPortrait UIInterfaceOrientationLandscapeLeft UIInterfaceOrientationLandscapeRight";
				IPHONEOS_DEPLOYMENT_TARGET = 16.0;
				LD_RUNPATH_SEARCH_PATHS = (
					"$(inherited)",
					"@executable_path/Frameworks",
				);
				MARKETING_VERSION = 1.0;
				PRODUCT_BUNDLE_IDENTIFIER = com.jamesalford.NotedCore;
				PRODUCT_NAME = "$(TARGET_NAME)";
				SUPPORTED_PLATFORMS = "iphoneos iphonesimulator";
				SUPPORTS_MACCATALYST = NO;
				SUPPORTS_XR_DESIGNED_FOR_IPHONE_IPAD = NO;
				SWIFT_EMIT_LOC_STRINGS = YES;
				SWIFT_VERSION = 5.0;
				TARGETED_DEVICE_FAMILY = "1,2";
			};
			name = Release;
		};
		D037A5D72E1ED2A30015A53E /* Debug */ = {
			isa = XCBuildConfiguration;
			buildSettings = {
				BUNDLE_LOADER = "$(TEST_HOST)";
				CODE_SIGN_STYLE = Automatic;
				CURRENT_PROJECT_VERSION = 1;
				DEVELOPMENT_TEAM = 529ZZJHQR4;
				GENERATE_INFOPLIST_FILE = YES;
				IPHONEOS_DEPLOYMENT_TARGET = 16.0;
				MARKETING_VERSION = 1.0;
				PRODUCT_BUNDLE_IDENTIFIER = com.jamesalford.NotedCoreTests;
				PRODUCT_NAME = "$(TARGET_NAME)";
				SDKROOT = iphoneos;
				SWIFT_EMIT_LOC_STRINGS = NO;
				SWIFT_VERSION = 5.0;
				TARGETED_DEVICE_FAMILY = "1,2";
				TEST_HOST = "$(BUILT_PRODUCTS_DIR)/NotedCore.app/$(BUNDLE_EXECUTABLE_FOLDER_PATH)/NotedCore";
			};
			name = Debug;
		};
		D037A5D82E1ED2A30015A53E /* Release */ = {
			isa = XCBuildConfiguration;
			buildSettings = {
				BUNDLE_LOADER = "$(TEST_HOST)";
				CODE_SIGN_STYLE = Automatic;
				CURRENT_PROJECT_VERSION = 1;
				DEVELOPMENT_TEAM = 529ZZJHQR4;
				GENERATE_INFOPLIST_FILE = YES;
				IPHONEOS_DEPLOYMENT_TARGET = 16.0;
				MARKETING_VERSION = 1.0;
				PRODUCT_BUNDLE_IDENTIFIER = com.jamesalford.NotedCoreTests;
				PRODUCT_NAME = "$(TARGET_NAME)";
				SDKROOT = iphoneos;
				SWIFT_EMIT_LOC_STRINGS = NO;
				SWIFT_VERSION = 5.0;
				TARGETED_DEVICE_FAMILY = "1,2";
				TEST_HOST = "$(BUILT_PRODUCTS_DIR)/NotedCore.app/$(BUNDLE_EXECUTABLE_FOLDER_PATH)/NotedCore";
			};
			name = Release;
		};
		D037A5DA2E1ED2A30015A53E /* Debug */ = {
			isa = XCBuildConfiguration;
			buildSettings = {
				CODE_SIGN_STYLE = Automatic;
				CURRENT_PROJECT_VERSION = 1;
				DEVELOPMENT_TEAM = 529ZZJHQR4;
				GENERATE_INFOPLIST_FILE = YES;
				MARKETING_VERSION = 1.0;
				PRODUCT_BUNDLE_IDENTIFIER = com.jamesalford.NotedCoreUITests;
				PRODUCT_NAME = "$(TARGET_NAME)";
				SDKROOT = iphoneos;
				SWIFT_EMIT_LOC_STRINGS = NO;
				SWIFT_VERSION = 5.0;
				TARGETED_DEVICE_FAMILY = "1,2";
				TEST_TARGET_NAME = NotedCore;
			};
			name = Debug;
		};
		D037A5DB2E1ED2A30015A53E /* Release */ = {
			isa = XCBuildConfiguration;
			buildSettings = {
				CODE_SIGN_STYLE = Automatic;
				CURRENT_PROJECT_VERSION = 1;
				DEVELOPMENT_TEAM = 529ZZJHQR4;
				GENERATE_INFOPLIST_FILE = YES;
				MARKETING_VERSION = 1.0;
				PRODUCT_BUNDLE_IDENTIFIER = com.jamesalford.NotedCoreUITests;
				PRODUCT_NAME = "$(TARGET_NAME)";
				SDKROOT = iphoneos;
				SWIFT_EMIT_LOC_STRINGS = NO;
				SWIFT_VERSION = 5.0;
				TARGETED_DEVICE_FAMILY = "1,2";
				TEST_TARGET_NAME = NotedCore;
			};
			name = Release;
		};
		D0D9F49B2E7BDF8600958BCA /* Debug */ = {
			isa = XCBuildConfiguration;
			buildSettings = {
				ASSETCATALOG_COMPILER_APPICON_NAME = AppIcon;
				ASSETCATALOG_COMPILER_GLOBAL_ACCENT_COLOR_NAME = AccentColor;
				CODE_SIGN_STYLE = Automatic;
				CURRENT_PROJECT_VERSION = 1;
				DEVELOPMENT_TEAM = 529ZZJHQR4;
				ENABLE_PREVIEWS = YES;
				GENERATE_INFOPLIST_FILE = YES;
				INFOPLIST_KEY_CFBundleDisplayName = NotedWatch;
				INFOPLIST_KEY_UISupportedInterfaceOrientations = "UIInterfaceOrientationPortrait UIInterfaceOrientationPortraitUpsideDown";
				INFOPLIST_KEY_WKCompanionAppBundleIdentifier = com.jamesalford.NotedCore;
				LD_RUNPATH_SEARCH_PATHS = (
					"$(inherited)",
					"@executable_path/Frameworks",
				);
				MARKETING_VERSION = 1.0;
				PRODUCT_BUNDLE_IDENTIFIER = com.jamesalford.NotedCore.watchkitapp;
				PRODUCT_NAME = "$(TARGET_NAME)";
				SDKROOT = watchos;
				SKIP_INSTALL = YES;
				STRING_CATALOG_GENERATE_SYMBOLS = YES;
				SWIFT_APPROACHABLE_CONCURRENCY = YES;
				SWIFT_DEFAULT_ACTOR_ISOLATION = MainActor;
				SWIFT_EMIT_LOC_STRINGS = YES;
				SWIFT_UPCOMING_FEATURE_MEMBER_IMPORT_VISIBILITY = YES;
				SWIFT_VERSION = 5.0;
				TARGETED_DEVICE_FAMILY = 4;
				WATCHOS_DEPLOYMENT_TARGET = 10.0;
			};
			name = Debug;
		};
		D0D9F49C2E7BDF8600958BCA /* Release */ = {
			isa = XCBuildConfiguration;
			buildSettings = {
				ASSETCATALOG_COMPILER_APPICON_NAME = AppIcon;
				ASSETCATALOG_COMPILER_GLOBAL_ACCENT_COLOR_NAME = AccentColor;
				CODE_SIGN_STYLE = Automatic;
				CURRENT_PROJECT_VERSION = 1;
				DEVELOPMENT_TEAM = 529ZZJHQR4;
				ENABLE_PREVIEWS = YES;
				GENERATE_INFOPLIST_FILE = YES;
				INFOPLIST_KEY_CFBundleDisplayName = NotedWatch;
				INFOPLIST_KEY_UISupportedInterfaceOrientations = "UIInterfaceOrientationPortrait UIInterfaceOrientationPortraitUpsideDown";
				INFOPLIST_KEY_WKCompanionAppBundleIdentifier = com.jamesalford.NotedCore;
				LD_RUNPATH_SEARCH_PATHS = (
					"$(inherited)",
					"@executable_path/Frameworks",
				);
				MARKETING_VERSION = 1.0;
				PRODUCT_BUNDLE_IDENTIFIER = com.jamesalford.NotedCore.watchkitapp;
				PRODUCT_NAME = "$(TARGET_NAME)";
				SDKROOT = watchos;
				SKIP_INSTALL = YES;
				STRING_CATALOG_GENERATE_SYMBOLS = YES;
				SWIFT_APPROACHABLE_CONCURRENCY = YES;
				SWIFT_DEFAULT_ACTOR_ISOLATION = MainActor;
				SWIFT_EMIT_LOC_STRINGS = YES;
				SWIFT_UPCOMING_FEATURE_MEMBER_IMPORT_VISIBILITY = YES;
				SWIFT_VERSION = 5.0;
				TARGETED_DEVICE_FAMILY = 4;
				WATCHOS_DEPLOYMENT_TARGET = 10.0;
			};
			name = Release;
		};
		D0D9F49F2E7BDF8600958BCA /* Debug */ = {
			isa = XCBuildConfiguration;
			buildSettings = {
				BUNDLE_LOADER = "$(TEST_HOST)";
				CODE_SIGN_STYLE = Automatic;
				CURRENT_PROJECT_VERSION = 1;
				DEVELOPMENT_TEAM = 529ZZJHQR4;
				GENERATE_INFOPLIST_FILE = YES;
				MARKETING_VERSION = 1.0;
				PRODUCT_BUNDLE_IDENTIFIER = "com.NotedWatch-Watch-AppTests";
				PRODUCT_NAME = "$(TARGET_NAME)";
				SDKROOT = watchos;
				STRING_CATALOG_GENERATE_SYMBOLS = NO;
				SWIFT_APPROACHABLE_CONCURRENCY = YES;
				SWIFT_EMIT_LOC_STRINGS = NO;
				SWIFT_UPCOMING_FEATURE_MEMBER_IMPORT_VISIBILITY = YES;
				SWIFT_VERSION = 5.0;
				TARGETED_DEVICE_FAMILY = 4;
				TEST_HOST = "$(BUILT_PRODUCTS_DIR)/NotedWatch Watch App.app/$(BUNDLE_EXECUTABLE_FOLDER_PATH)/NotedWatch Watch App";
				WATCHOS_DEPLOYMENT_TARGET = 10.0;
			};
			name = Debug;
		};
		D0D9F4A02E7BDF8600958BCA /* Release */ = {
			isa = XCBuildConfiguration;
			buildSettings = {
				BUNDLE_LOADER = "$(TEST_HOST)";
				CODE_SIGN_STYLE = Automatic;
				CURRENT_PROJECT_VERSION = 1;
				DEVELOPMENT_TEAM = 529ZZJHQR4;
				GENERATE_INFOPLIST_FILE = YES;
				MARKETING_VERSION = 1.0;
				PRODUCT_BUNDLE_IDENTIFIER = "com.NotedWatch-Watch-AppTests";
				PRODUCT_NAME = "$(TARGET_NAME)";
				SDKROOT = watchos;
				STRING_CATALOG_GENERATE_SYMBOLS = NO;
				SWIFT_APPROACHABLE_CONCURRENCY = YES;
				SWIFT_EMIT_LOC_STRINGS = NO;
				SWIFT_UPCOMING_FEATURE_MEMBER_IMPORT_VISIBILITY = YES;
				SWIFT_VERSION = 5.0;
				TARGETED_DEVICE_FAMILY = 4;
				TEST_HOST = "$(BUILT_PRODUCTS_DIR)/NotedWatch Watch App.app/$(BUNDLE_EXECUTABLE_FOLDER_PATH)/NotedWatch Watch App";
				WATCHOS_DEPLOYMENT_TARGET = 10.0;
			};
			name = Release;
		};
		D0D9F4A22E7BDF8600958BCA /* Debug */ = {
			isa = XCBuildConfiguration;
			buildSettings = {
				CODE_SIGN_STYLE = Automatic;
				CURRENT_PROJECT_VERSION = 1;
				DEVELOPMENT_TEAM = 529ZZJHQR4;
				GENERATE_INFOPLIST_FILE = YES;
				MARKETING_VERSION = 1.0;
				PRODUCT_BUNDLE_IDENTIFIER = "com.NotedWatch-Watch-AppUITests";
				PRODUCT_NAME = "$(TARGET_NAME)";
				SDKROOT = watchos;
				STRING_CATALOG_GENERATE_SYMBOLS = NO;
				SWIFT_APPROACHABLE_CONCURRENCY = YES;
				SWIFT_EMIT_LOC_STRINGS = NO;
				SWIFT_UPCOMING_FEATURE_MEMBER_IMPORT_VISIBILITY = YES;
				SWIFT_VERSION = 5.0;
				TARGETED_DEVICE_FAMILY = 4;
				TEST_TARGET_NAME = "NotedWatch Watch App";
				WATCHOS_DEPLOYMENT_TARGET = 10.0;
			};
			name = Debug;
		};
		D0D9F4A32E7BDF8600958BCA /* Release */ = {
			isa = XCBuildConfiguration;
			buildSettings = {
				CODE_SIGN_STYLE = Automatic;
				CURRENT_PROJECT_VERSION = 1;
				DEVELOPMENT_TEAM = 529ZZJHQR4;
				GENERATE_INFOPLIST_FILE = YES;
				MARKETING_VERSION = 1.0;
				PRODUCT_BUNDLE_IDENTIFIER = "com.NotedWatch-Watch-AppUITests";
				PRODUCT_NAME = "$(TARGET_NAME)";
				SDKROOT = watchos;
				STRING_CATALOG_GENERATE_SYMBOLS = NO;
				SWIFT_APPROACHABLE_CONCURRENCY = YES;
				SWIFT_EMIT_LOC_STRINGS = NO;
				SWIFT_UPCOMING_FEATURE_MEMBER_IMPORT_VISIBILITY = YES;
				SWIFT_VERSION = 5.0;
				TARGETED_DEVICE_FAMILY = 4;
				TEST_TARGET_NAME = "NotedWatch Watch App";
				WATCHOS_DEPLOYMENT_TARGET = 10.0;
			};
			name = Release;
		};
/* End XCBuildConfiguration section */

/* Begin XCConfigurationList section */
		D037A5A82E1ED2A10015A53E /* Build configuration list for PBXProject "NotedCore" */ = {
			isa = XCConfigurationList;
			buildConfigurations = (
				D037A5D12E1ED2A30015A53E /* Debug */,
				D037A5D22E1ED2A30015A53E /* Release */,
			);
			defaultConfigurationIsVisible = 0;
			defaultConfigurationName = Release;
		};
		D037A5D32E1ED2A30015A53E /* Build configuration list for PBXNativeTarget "NotedCore" */ = {
			isa = XCConfigurationList;
			buildConfigurations = (
				D037A5D42E1ED2A30015A53E /* Debug */,
				D037A5D52E1ED2A30015A53E /* Release */,
			);
			defaultConfigurationIsVisible = 0;
			defaultConfigurationName = Release;
		};
		D037A5D62E1ED2A30015A53E /* Build configuration list for PBXNativeTarget "NotedCoreTests" */ = {
			isa = XCConfigurationList;
			buildConfigurations = (
				D037A5D72E1ED2A30015A53E /* Debug */,
				D037A5D82E1ED2A30015A53E /* Release */,
			);
			defaultConfigurationIsVisible = 0;
			defaultConfigurationName = Release;
		};
		D037A5D92E1ED2A30015A53E /* Build configuration list for PBXNativeTarget "NotedCoreUITests" */ = {
			isa = XCConfigurationList;
			buildConfigurations = (
				D037A5DA2E1ED2A30015A53E /* Debug */,
				D037A5DB2E1ED2A30015A53E /* Release */,
			);
			defaultConfigurationIsVisible = 0;
			defaultConfigurationName = Release;
		};
		D0D9F49A2E7BDF8600958BCA /* Build configuration list for PBXNativeTarget "NotedWatch Watch App" */ = {
			isa = XCConfigurationList;
			buildConfigurations = (
				D0D9F49B2E7BDF8600958BCA /* Debug */,
				D0D9F49C2E7BDF8600958BCA /* Release */,
			);
			defaultConfigurationIsVisible = 0;
			defaultConfigurationName = Release;
		};
		D0D9F49E2E7BDF8600958BCA /* Build configuration list for PBXNativeTarget "NotedWatch Watch AppTests" */ = {
			isa = XCConfigurationList;
			buildConfigurations = (
				D0D9F49F2E7BDF8600958BCA /* Debug */,
				D0D9F4A02E7BDF8600958BCA /* Release */,
			);
			defaultConfigurationIsVisible = 0;
			defaultConfigurationName = Release;
		};
		D0D9F4A12E7BDF8600958BCA /* Build configuration list for PBXNativeTarget "NotedWatch Watch AppUITests" */ = {
			isa = XCConfigurationList;
			buildConfigurations = (
				D0D9F4A22E7BDF8600958BCA /* Debug */,
				D0D9F4A32E7BDF8600958BCA /* Release */,
			);
			defaultConfigurationIsVisible = 0;
			defaultConfigurationName = Release;
		};
/* End XCConfigurationList section */

/* Begin XCRemoteSwiftPackageReference section */
		D0FE6AD82E1F3F1F0019CD1F /* XCRemoteSwiftPackageReference "WhisperKit" */ = {
			isa = XCRemoteSwiftPackageReference;
			repositoryURL = "https://github.com/argmaxinc/WhisperKit";
			requirement = {
				branch = main;
				kind = branch;
			};
		};
		D0FE6AE12E1F6F0B0019CD1F /* XCRemoteSwiftPackageReference "mlx-swift" */ = {
			isa = XCRemoteSwiftPackageReference;
			repositoryURL = "https://github.com/ml-explore/mlx-swift";
			requirement = {
				kind = upToNextMajorVersion;
				minimumVersion = 0.25.5;
			};
		};
/* End XCRemoteSwiftPackageReference section */

/* Begin XCSwiftPackageProductDependency section */
		D0FE6AD92E1F3F1F0019CD1F /* WhisperKit */ = {
			isa = XCSwiftPackageProductDependency;
			package = D0FE6AD82E1F3F1F0019CD1F /* XCRemoteSwiftPackageReference "WhisperKit" */;
			productName = WhisperKit;
		};
		D0FE6ADB2E1F3F1F0019CD1F /* whisperkit-cli */ = {
			isa = XCSwiftPackageProductDependency;
			package = D0FE6AD82E1F3F1F0019CD1F /* XCRemoteSwiftPackageReference "WhisperKit" */;
			productName = "whisperkit-cli";
		};
		D0FE6AE22E1F6F0B0019CD1F /* MLX */ = {
			isa = XCSwiftPackageProductDependency;
			package = D0FE6AE12E1F6F0B0019CD1F /* XCRemoteSwiftPackageReference "mlx-swift" */;
			productName = MLX;
		};
		D0FE6AE42E1F6F0B0019CD1F /* MLXFFT */ = {
			isa = XCSwiftPackageProductDependency;
			package = D0FE6AE12E1F6F0B0019CD1F /* XCRemoteSwiftPackageReference "mlx-swift" */;
			productName = MLXFFT;
		};
		D0FE6AE62E1F6F0B0019CD1F /* MLXFast */ = {
			isa = XCSwiftPackageProductDependency;
			package = D0FE6AE12E1F6F0B0019CD1F /* XCRemoteSwiftPackageReference "mlx-swift" */;
			productName = MLXFast;
		};
		D0FE6AE82E1F6F0B0019CD1F /* MLXLinalg */ = {
			isa = XCSwiftPackageProductDependency;
			package = D0FE6AE12E1F6F0B0019CD1F /* XCRemoteSwiftPackageReference "mlx-swift" */;
			productName = MLXLinalg;
		};
		D0FE6AEA2E1F6F0B0019CD1F /* MLXNN */ = {
			isa = XCSwiftPackageProductDependency;
			package = D0FE6AE12E1F6F0B0019CD1F /* XCRemoteSwiftPackageReference "mlx-swift" */;
			productName = MLXNN;
		};
/* End XCSwiftPackageProductDependency section */
	};
	rootObject = D037A5A52E1ED2A10015A53E /* Project object */;
}
